
Microsoft Visual Studio Solution File, Format Version 12.00
# Visual Studio Version 16
VisualStudioVersion = 25.0.1704.0
MinimumVisualStudioVersion = 10.0.40219.1
Project("{FAE04EC0-301F-11D3-BF4B-00C04F79EFBC}") = "stockAppApi", "stockAppApi\stockAppApi.csproj", "{1BEC914F-F4EB-4704-8B1B-8AD0A953DB18}"
EndProject
Global
	GlobalSection(SolutionConfigurationPlatforms) = preSolution
		Debug|Any CPU = Debug|Any CPU
		Release|Any CPU = Release|Any CPU
	EndGlobalSection
	GlobalSection(ProjectConfigurationPlatforms) = postSolution
		{1BEC914F-F4EB-4704-8B1B-8AD0A953DB18}.Debug|Any CPU.ActiveCfg = Debug|Any CPU
		{1BEC914F-F4EB-4704-8B1B-8AD0A953DB18}.Debug|Any CPU.Build.0 = Debug|Any CPU
		{1BEC914F-F4EB-4704-8B1B-8AD0A953DB18}.Release|Any CPU.ActiveCfg = Release|Any CPU
		{1BEC914F-F4EB-4704-8B1B-8AD0A953DB18}.Release|Any CPU.Build.0 = Release|Any CPU
	EndGlobalSection
	GlobalSection(SolutionProperties) = preSolution
		HideSolutionNode = FALSE
	EndGlobalSection
	GlobalSection(ExtensibilityGlobals) = postSolution
		SolutionGuid = {8D6DCBC5-0B19-4DA2-A103-40E71D39E47E}
	EndGlobalSection
EndGlobal
